
Microsoft Visual Studio Solution File, Format Version 12.00
# Visual Studio 15
VisualStudioVersion = 15.0.28307.421
MinimumVisualStudioVersion = 10.0.40219.1
Project("{FAE04EC0-301F-11D3-BF4B-00C04F79EFBC}") = "Netatmo.Dashboard.Data", "Netatmo.Dashboard.Data\Netatmo.Dashboard.Data.csproj", "{19B6116B-8EDE-40E3-A5D6-439654943312}"
EndProject
Project("{FAE04EC0-301F-11D3-BF4B-00C04F79EFBC}") = "Netatmo.Dashboard.Core", "Netatmo.Dashboard.Core\Netatmo.Dashboard.Core.csproj", "{B00B8A74-0204-4FB2-86E3-38767FE044C4}"
EndProject
Global
	GlobalSection(SolutionConfigurationPlatforms) = preSolution
		Debug|Any CPU = Debug|Any CPU
		Release|Any CPU = Release|Any CPU
	EndGlobalSection
	GlobalSection(ProjectConfigurationPlatforms) = postSolution
		{19B6116B-8EDE-40E3-A5D6-439654943312}.Debug|Any CPU.ActiveCfg = Debug|Any CPU
		{19B6116B-8EDE-40E3-A5D6-439654943312}.Debug|Any CPU.Build.0 = Debug|Any CPU
		{19B6116B-8EDE-40E3-A5D6-439654943312}.Release|Any CPU.ActiveCfg = Release|Any CPU
		{19B6116B-8EDE-40E3-A5D6-439654943312}.Release|Any CPU.Build.0 = Release|Any CPU
		{B00B8A74-0204-4FB2-86E3-38767FE044C4}.Debug|Any CPU.ActiveCfg = Debug|Any CPU
		{B00B8A74-0204-4FB2-86E3-38767FE044C4}.Debug|Any CPU.Build.0 = Debug|Any CPU
		{B00B8A74-0204-4FB2-86E3-38767FE044C4}.Release|Any CPU.ActiveCfg = Release|Any CPU
		{B00B8A74-0204-4FB2-86E3-38767FE044C4}.Release|Any CPU.Build.0 = Release|Any CPU
	EndGlobalSection
	GlobalSection(SolutionProperties) = preSolution
		HideSolutionNode = FALSE
	EndGlobalSection
	GlobalSection(ExtensibilityGlobals) = postSolution
		SolutionGuid = {2C326649-E58B-43E2-BAFB-468AEAA0E26C}
	EndGlobalSection
EndGlobal
